
Microsoft Visual Studio Solution File, Format Version 12.00
# Visual Studio Version 17
VisualStudioVersion = 17.6.33815.320
MinimumVisualStudioVersion = 10.0.40219.1
Project("{9A19103F-16F7-4668-BE54-9A1E7A4F7556}") = "Client", "Client\Client.csproj", "{AA3937EC-D675-4745-BC95-E0CFB47FA2A8}"
EndProject
Project("{9A19103F-16F7-4668-BE54-9A1E7A4F7556}") = "CalendarAPI", "CalendarAPI\CalendarAPI.csproj", "{0290C923-59DA-4E95-93E8-10022B77095E}"
EndProject
Global
	GlobalSection(SolutionConfigurationPlatforms) = preSolution
		Debug|Any CPU = Debug|Any CPU
		Release|Any CPU = Release|Any CPU
	EndGlobalSection
	GlobalSection(ProjectConfigurationPlatforms) = postSolution
		{AA3937EC-D675-4745-BC95-E0CFB47FA2A8}.Debug|Any CPU.ActiveCfg = Debug|Any CPU
		{AA3937EC-D675-4745-BC95-E0CFB47FA2A8}.Debug|Any CPU.Build.0 = Debug|Any CPU
		{AA3937EC-D675-4745-BC95-E0CFB47FA2A8}.Release|Any CPU.ActiveCfg = Release|Any CPU
		{AA3937EC-D675-4745-BC95-E0CFB47FA2A8}.Release|Any CPU.Build.0 = Release|Any CPU
		{0290C923-59DA-4E95-93E8-10022B77095E}.Debug|Any CPU.ActiveCfg = Debug|Any CPU
		{0290C923-59DA-4E95-93E8-10022B77095E}.Debug|Any CPU.Build.0 = Debug|Any CPU
		{0290C923-59DA-4E95-93E8-10022B77095E}.Release|Any CPU.ActiveCfg = Release|Any CPU
		{0290C923-59DA-4E95-93E8-10022B77095E}.Release|Any CPU.Build.0 = Release|Any CPU
	EndGlobalSection
	GlobalSection(SolutionProperties) = preSolution
		HideSolutionNode = FALSE
	EndGlobalSection
	GlobalSection(ExtensibilityGlobals) = postSolution
		SolutionGuid = {F99E1BC4-9F32-4072-944B-D3DFFC3313DD}
	EndGlobalSection
EndGlobal
